{
  "name": "html",
  "version": "0.3.0",
  "lockfileVersion": 1,
  "requires": true,
  "dependencies": {
    "ansi": {
      "version": "github:RobinBlomberg/ansi#50700428360f48ce38e31aa728ee71045ce2d2e8",
      "from": "github:RobinBlomberg/ansi#release/0.3.0"
    },
    "inspect": {
      "version": "github:RobinBlomberg/inspect#3a7d22b7a2391be3eaee77ebf1a5be2d65d1be2c",
      "from": "github:RobinBlomberg/inspect#release/0.3.0",
      "requires": {
        "ansi": "github:RobinBlomberg/ansi#release/0.3.0",
        "utility": "github:RobinBlomberg/utility#release/0.3.0"
      }
    },
    "test": {
      "version": "github:RobinBlomberg/test#0f6ff076c40028f660498c853e65f676187dfe34",
      "from": "github:RobinBlomberg/test#release/0.3.0",
      "dev": true,
      "requires": {
        "utility": "github:RobinBlomberg/utility#release/0.3.0"
      }
    },
    "utility": {
      "version": "github:RobinBlomberg/utility#7125fac0599a3922a62fdabc471cd5e60251f92b",
      "from": "github:RobinBlomberg/utility#release/0.3.0"
    }
  }
}
